
Microsoft Visual Studio Solution File, Format Version 12.00
# Visual Studio Version 17
VisualStudioVersion = 17.13.35913.81 d17.13
MinimumVisualStudioVersion = 10.0.40219.1
Project("{FAE04EC0-301F-11D3-BF4B-00C04F79EFBC}") = "AgroSense", "AgroSense\AgroSense.csproj", "{94DA10AE-CF0D-4613-9DB6-A2FB5DBBE1EF}"
EndProject
Global
	GlobalSection(SolutionConfigurationPlatforms) = preSolution
		Debug|Any CPU = Debug|Any CPU
		Release|Any CPU = Release|Any CPU
	EndGlobalSection
	GlobalSection(ProjectConfigurationPlatforms) = postSolution
		{94DA10AE-CF0D-4613-9DB6-A2FB5DBBE1EF}.Debug|Any CPU.ActiveCfg = Debug|Any CPU
		{94DA10AE-CF0D-4613-9DB6-A2FB5DBBE1EF}.Debug|Any CPU.Build.0 = Debug|Any CPU
		{94DA10AE-CF0D-4613-9DB6-A2FB5DBBE1EF}.Release|Any CPU.ActiveCfg = Release|Any CPU
		{94DA10AE-CF0D-4613-9DB6-A2FB5DBBE1EF}.Release|Any CPU.Build.0 = Release|Any CPU
	EndGlobalSection
	GlobalSection(SolutionProperties) = preSolution
		HideSolutionNode = FALSE
	EndGlobalSection
	GlobalSection(ExtensibilityGlobals) = postSolution
		SolutionGuid = {6C5454CF-BCC9-4EC0-9721-D9C415F7E5E7}
	EndGlobalSection
EndGlobal
